// !$*UTF8*$!
{
	archiveVersion = 1;
	classes = {
	};
	objectVersion = 55;
	objects = {

/* Begin PBXBuildFile section */
		2EE4AE722748C74B00FD0100 /* AppDelegate.swift in Sources */ = {isa = PBXBuildFile; fileRef = 2EE4AE712748C74B00FD0100 /* AppDelegate.swift */; };
		2EE4AE742748C74B00FD0100 /* SceneDelegate.swift in Sources */ = {isa = PBXBuildFile; fileRef = 2EE4AE732748C74B00FD0100 /* SceneDelegate.swift */; };
		2EE4AE762748C74B00FD0100 /* ViewController.swift in Sources */ = {isa = PBXBuildFile; fileRef = 2EE4AE752748C74B00FD0100 /* ViewController.swift */; };
		2EE4AE792748C74B00FD0100 /* Main.storyboard in Resources */ = {isa = PBXBuildFile; fileRef = 2EE4AE772748C74B00FD0100 /* Main.storyboard */; };
		2EE4AE7B2748C75000FD0100 /* Assets.xcassets in Resources */ = {isa = PBXBuildFile; fileRef = 2EE4AE7A2748C75000FD0100 /* Assets.xcassets */; };
		2EE4AE7E2748C75000FD0100 /* LaunchScreen.storyboard in Resources */ = {isa = PBXBuildFile; fileRef = 2EE4AE7C2748C75000FD0100 /* LaunchScreen.storyboard */; };
		2EE4AE862748C84F00FD0100 /* BoardCell.swift in Sources */ = {isa = PBXBuildFile; fileRef = 2EE4AE852748C84F00FD0100 /* BoardCell.swift */; };
		2EE4AE882748C91100FD0100 /* BoardItem.swift in Sources */ = {isa = PBXBuildFile; fileRef = 2EE4AE872748C91100FD0100 /* BoardItem.swift */; };
		2EE4AE8A2748C91700FD0100 /* Board.swift in Sources */ = {isa = PBXBuildFile; fileRef = 2EE4AE892748C91700FD0100 /* Board.swift */; };
		2EE4AE8C2748C91D00FD0100 /* Turn.swift in Sources */ = {isa = PBXBuildFile; fileRef = 2EE4AE8B2748C91D00FD0100 /* Turn.swift */; };
/* End PBXBuildFile section */

/* Begin PBXFileReference section */
		2EE4AE6E2748C74B00FD0100 /* ConnectFourTutorial.app */ = {isa = PBXFileReference; explicitFileType = wrapper.application; includeInIndex = 0; path = ConnectFourTutorial.app; sourceTree = BUILT_PRODUCTS_DIR; };
		2EE4AE712748C74B00FD0100 /* AppDelegate.swift */ = {isa = PBXFileReference; lastKnownFileType = sourcecode.swift; path = AppDelegate.swift; sourceTree = "<group>"; };
		2EE4AE732748C74B00FD0100 /* SceneDelegate.swift */ = {isa = PBXFileReference; lastKnownFileType = sourcecode.swift; path = SceneDelegate.swift; sourceTree = "<group>"; };
		2EE4AE752748C74B00FD0100 /* ViewController.swift */ = {isa = PBXFileReference; lastKnownFileType = sourcecode.swift; path = ViewController.swift; sourceTree = "<group>"; };
		2EE4AE782748C74B00FD0100 /* Base */ = {isa = PBXFileReference; lastKnownFileType = file.storyboard; name = Base; path = Base.lproj/Main.storyboard; sourceTree = "<group>"; };
		2EE4AE7A2748C75000FD0100 /* Assets.xcassets */ = {isa = PBXFileReference; lastKnownFileType = folder.assetcatalog; path = Assets.xcassets; sourceTree = "<group>"; };
		2EE4AE7D2748C75000FD0100 /* Base */ = {isa = PBXFileReference; lastKnownFileType = file.storyboard; name = Base; path = Base.lproj/LaunchScreen.storyboard; sourceTree = "<group>"; };
		2EE4AE7F2748C75000FD0100 /* Info.plist */ = {isa = PBXFileReference; lastKnownFileType = text.plist.xml; path = Info.plist; sourceTree = "<group>"; };
		2EE4AE852748C84F00FD0100 /* BoardCell.swift */ = {isa = PBXFileReference; lastKnownFileType = sourcecode.swift; path = BoardCell.swift; sourceTree = "<group>"; };
		2EE4AE872748C91100FD0100 /* BoardItem.swift */ = {isa = PBXFileReference; lastKnownFileType = sourcecode.swift; path = BoardItem.swift; sourceTree = "<group>"; };
		2EE4AE892748C91700FD0100 /* Board.swift */ = {isa = PBXFileReference; lastKnownFileType = sourcecode.swift; path = Board.swift; sourceTree = "<group>"; };
		2EE4AE8B2748C91D00FD0100 /* Turn.swift */ = {isa = PBXFileReference; lastKnownFileType = sourcecode.swift; path = Turn.swift; sourceTree = "<group>"; };
/* End PBXFileReference section */

/* Begin PBXFrameworksBuildPhase section */
		2EE4AE6B2748C74B00FD0100 /* Frameworks */ = {
			isa = PBXFrameworksBuildPhase;
			buildActionMask = 2147483647;
			files = (
			);
			runOnlyForDeploymentPostprocessing = 0;
		};
/* End PBXFrameworksBuildPhase section */

/* Begin PBXGroup section */
		2EE4AE652748C74B00FD0100 = {
			isa = PBXGroup;
			children = (
				2EE4AE702748C74B00FD0100 /* ConnectFourTutorial */,
				2EE4AE6F2748C74B00FD0100 /* Products */,
			);
			sourceTree = "<group>";
		};
		2EE4AE6F2748C74B00FD0100 /* Products */ = {
			isa = PBXGroup;
			children = (
				2EE4AE6E2748C74B00FD0100 /* ConnectFourTutorial.app */,
			);
			name = Products;
			sourceTree = "<group>";
		};
		2EE4AE702748C74B00FD0100 /* ConnectFourTutorial */ = {
			isa = PBXGroup;
			children = (
				2EE4AE712748C74B00FD0100 /* AppDelegate.swift */,
				2EE4AE732748C74B00FD0100 /* SceneDelegate.swift */,
				2EE4AE752748C74B00FD0100 /* ViewController.swift */,
				2EE4AE872748C91100FD0100 /* BoardItem.swift */,
				2EE4AE892748C91700FD0100 /* Board.swift */,
				2EE4AE8B2748C91D00FD0100 /* Turn.swift */,
				2EE4AE772748C74B00FD0100 /* Main.storyboard */,
				2EE4AE852748C84F00FD0100 /* BoardCell.swift */,
				2EE4AE7A2748C75000FD0100 /* Assets.xcassets */,
				2EE4AE7C2748C75000FD0100 /* LaunchScreen.storyboard */,
				2EE4AE7F2748C75000FD0100 /* Info.plist */,
			);
			path = ConnectFourTutorial;
			sourceTree = "<group>";
		};
/* End PBXGroup section */

/* Begin PBXNativeTarget section */
		2EE4AE6D2748C74B00FD0100 /* ConnectFourTutorial */ = {
			isa = PBXNativeTarget;
			buildConfigurationList = 2EE4AE822748C75000FD0100 /* Build configuration list for PBXNativeTarget "ConnectFourTutorial" */;
			buildPhases = (
				2EE4AE6A2748C74B00FD0100 /* Sources */,
				2EE4AE6B2748C74B00FD0100 /* Frameworks */,
				2EE4AE6C2748C74B00FD0100 /* Resources */,
			);
			buildRules = (
			);
			dependencies = (
			);
			name = ConnectFourTutorial;
			productName = ConnectFourTutorial;
			productReference = 2EE4AE6E2748C74B00FD0100 /* ConnectFourTutorial.app */;
			productType = "com.apple.product-type.application";
		};
/* End PBXNativeTarget section */

/* Begin PBXProject section */
		2EE4AE662748C74B00FD0100 /* Project object */ = {
			isa = PBXProject;
			attributes = {
				BuildIndependentTargetsInParallel = 1;
				LastSwiftUpdateCheck = 1310;
				LastUpgradeCheck = 1310;
				TargetAttributes = {
					2EE4AE6D2748C74B00FD0100 = {
						CreatedOnToolsVersion = 13.1;
					};
				};
			};
			buildConfigurationList = 2EE4AE692748C74B00FD0100 /* Build configuration list for PBXProject "ConnectFourTutorial" */;
			compatibilityVersion = "Xcode 13.0";
			developmentRegion = en;
			hasScannedForEncodings = 0;
			knownRegions = (
				en,
				Base,
			);
			mainGroup = 2EE4AE652748C74B00FD0100;
			productRefGroup = 2EE4AE6F2748C74B00FD0100 /* Products */;
			projectDirPath = "";
			projectRoot = "";
			targets = (
				2EE4AE6D2748C74B00FD0100 /* ConnectFourTutorial */,
			);
		};
/* End PBXProject section */

/* Begin PBXResourcesBuildPhase section */
		2EE4AE6C2748C74B00FD0100 /* Resources */ = {
			isa = PBXResourcesBuildPhase;
			buildActionMask = 2147483647;
			files = (
				2EE4AE7E2748C75000FD0100 /* LaunchScreen.storyboard in Resources */,
				2EE4AE7B2748C75000FD0100 /* Assets.xcassets in Resources */,
				2EE4AE792748C74B00FD0100 /* Main.storyboard in Resources */,
			);
			runOnlyForDeploymentPostprocessing = 0;
		};
/* End PBXResourcesBuildPhase section */

/* Begin PBXSourcesBuildPhase section */
		2EE4AE6A2748C74B00FD0100 /* Sources */ = {
			isa = PBXSourcesBuildPhase;
			buildActionMask = 2147483647;
			files = (
				2EE4AE882748C91100FD0100 /* BoardItem.swift in Sources */,
				2EE4AE762748C74B00FD0100 /* ViewController.swift in Sources */,
				2EE4AE8A2748C91700FD0100 /* Board.swift in Sources */,
				2EE4AE722748C74B00FD0100 /* AppDelegate.swift in Sources */,
				2EE4AE862748C84F00FD0100 /* BoardCell.swift in Sources */,
				2EE4AE742748C74B00FD0100 /* SceneDelegate.swift in Sources */,
				2EE4AE8C2748C91D00FD0100 /* Turn.swift in Sources */,
			);
			runOnlyForDeploymentPostprocessing = 0;
		};
/* End PBXSourcesBuildPhase section */

/* Begin PBXVariantGroup section */
		2EE4AE772748C74B00FD0100 /* Main.storyboard */ = {
			isa = PBXVariantGroup;
			children = (
				2EE4AE782748C74B00FD0100 /* Base */,
			);
			name = Main.storyboard;
			sourceTree = "<group>";
		};
		2EE4AE7C2748C75000FD0100 /* LaunchScreen.storyboard */ = {
			isa = PBXVariantGroup;
			children = (
				2EE4AE7D2748C75000FD0100 /* Base */,
			);
			name = LaunchScreen.storyboard;
			sourceTree = "<group>";
		};
/* End PBXVariantGroup section */

/* Begin XCBuildConfiguration section */
		2EE4AE802748C75000FD0100 /* Debug */ = {
			isa = XCBuildConfiguration;
			buildSettings = {
				ALWAYS_SEARCH_USER_PATHS = NO;
				CLANG_ANALYZER_NONNULL = YES;
				CLANG_ANALYZER_NUMBER_OBJECT_CONVERSION = YES_AGGRESSIVE;
				CLANG_CXX_LANGUAGE_STANDARD = "gnu++17";
				CLANG_CXX_LIBRARY = "libc++";
				CLANG_ENABLE_MODULES = YES;
				CLANG_ENABLE_OBJC_ARC = YES;
				CLANG_ENABLE_OBJC_WEAK = YES;
				CLANG_WARN_BLOCK_CAPTURE_AUTORELEASING = YES;
				CLANG_WARN_BOOL_CONVERSION = YES;
				CLANG_WARN_COMMA = YES;
				CLANG_WARN_CONSTANT_CONVERSION = YES;
				CLANG_WARN_DEPRECATED_OBJC_IMPLEMENTATIONS = YES;
				CLANG_WARN_DIRECT_OBJC_ISA_USAGE = YES_ERROR;
				CLANG_WARN_DOCUMENTATION_COMMENTS = YES;
				CLANG_WARN_EMPTY_BODY = YES;
				CLANG_WARN_ENUM_CONVERSION = YES;
				CLANG_WARN_INFINITE_RECURSION = YES;
				CLANG_WARN_INT_CONVERSION = YES;
				CLANG_WARN_NON_LITERAL_NULL_CONVERSION = YES;
				CLANG_WARN_OBJC_IMPLICIT_RETAIN_SELF = YES;
				CLANG_WARN_OBJC_LITERAL_CONVERSION = YES;
				CLANG_WARN_OBJC_ROOT_CLASS = YES_ERROR;
				CLANG_WARN_QUOTED_INCLUDE_IN_FRAMEWORK_HEADER = YES;
				CLANG_WARN_RANGE_LOOP_ANALYSIS = YES;
				CLANG_WARN_STRICT_PROTOTYPES = YES;
				CLANG_WARN_SUSPICIOUS_MOVE = YES;
				CLANG_WARN_UNGUARDED_AVAILABILITY = YES_AGGRESSIVE;
				CLANG_WARN_UNREACHABLE_CODE = YES;
				CLANG_WARN__DUPLICATE_METHOD_MATCH = YES;
				COPY_PHASE_STRIP = NO;
				DEBUG_INFORMATION_FORMAT = dwarf;
				ENABLE_STRICT_OBJC_MSGSEND = YES;
				ENABLE_TESTABILITY = YES;
				GCC_C_LANGUAGE_STANDARD = gnu11;
				GCC_DYNAMIC_NO_PIC = NO;
				GCC_NO_COMMON_BLOCKS = YES;
				GCC_OPTIMIZATION_LEVEL = 0;
				GCC_PREPROCESSOR_DEFINITIONS = (
					"DEBUG=1",
					"$(inherited)",
				);
				GCC_WARN_64_TO_32_BIT_CONVERSION = YES;
				GCC_WARN_ABOUT_RETURN_TYPE = YES_ERROR;
				GCC_WARN_UNDECLARED_SELECTOR = YES;
				GCC_WARN_UNINITIALIZED_AUTOS = YES_AGGRESSIVE;
				GCC_WARN_UNUSED_FUNCTION = YES;
				GCC_WARN_UNUSED_VARIABLE = YES;
				IPHONEOS_DEPLOYMENT_TARGET = 15.0;
				MTL_ENABLE_DEBUG_INFO = INCLUDE_SOURCE;
				MTL_FAST_MATH = YES;
				ONLY_ACTIVE_ARCH = YES;
				SDKROOT = iphoneos;
				SWIFT_ACTIVE_COMPILATION_CONDITIONS = DEBUG;
				SWIFT_OPTIMIZATION_LEVEL = "-Onone";
			};
			name = Debug;
		};
		2EE4AE812748C75000FD0100 /* Release */ = {
			isa = XCBuildConfiguration;
			buildSettings = {
				ALWAYS_SEARCH_USER_PATHS = NO;
				CLANG_ANALYZER_NONNULL = YES;
				CLANG_ANALYZER_NUMBER_OBJECT_CONVERSION = YES_AGGRESSIVE;
				CLANG_CXX_LANGUAGE_STANDARD = "gnu++17";
				CLANG_CXX_LIBRARY = "libc++";
				CLANG_ENABLE_MODULES = YES;
				CLANG_ENABLE_OBJC_ARC = YES;
				CLANG_ENABLE_OBJC_WEAK = YES;
				CLANG_WARN_BLOCK_CAPTURE_AUTORELEASING = YES;
				CLANG_WARN_BOOL_CONVERSION = YES;
				CLANG_WARN_COMMA = YES;
				CLANG_WARN_CONSTANT_CONVERSION = YES;
				CLANG_WARN_DEPRECATED_OBJC_IMPLEMENTATIONS = YES;
				CLANG_WARN_DIRECT_OBJC_ISA_USAGE = YES_ERROR;
				CLANG_WARN_DOCUMENTATION_COMMENTS = YES;
				CLANG_WARN_EMPTY_BODY = YES;
				CLANG_WARN_ENUM_CONVERSION = YES;
				CLANG_WARN_INFINITE_RECURSION = YES;
				CLANG_WARN_INT_CONVERSION = YES;
				CLANG_WARN_NON_LITERAL_NULL_CONVERSION = YES;
				CLANG_WARN_OBJC_IMPLICIT_RETAIN_SELF = YES;
				CLANG_WARN_OBJC_LITERAL_CONVERSION = YES;
				CLANG_WARN_OBJC_ROOT_CLASS = YES_ERROR;
				CLANG_WARN_QUOTED_INCLUDE_IN_FRAMEWORK_HEADER = YES;
				CLANG_WARN_RANGE_LOOP_ANALYSIS = YES;
				CLANG_WARN_STRICT_PROTOTYPES = YES;
				CLANG_WARN_SUSPICIOUS_MOVE = YES;
				CLANG_WARN_UNGUARDED_AVAILABILITY = YES_AGGRESSIVE;
				CLANG_WARN_UNREACHABLE_CODE = YES;
				CLANG_WARN__DUPLICATE_METHOD_MATCH = YES;
				COPY_PHASE_STRIP = NO;
				DEBUG_INFORMATION_FORMAT = "dwarf-with-dsym";
				ENABLE_NS_ASSERTIONS = NO;
				ENABLE_STRICT_OBJC_MSGSEND = YES;
				GCC_C_LANGUAGE_STANDARD = gnu11;
				GCC_NO_COMMON_BLOCKS = YES;
				GCC_WARN_64_TO_32_BIT_CONVERSION = YES;
				GCC_WARN_ABOUT_RETURN_TYPE = YES_ERROR;
				GCC_WARN_UNDECLARED_SELECTOR = YES;
				GCC_WARN_UNINITIALIZED_AUTOS = YES_AGGRESSIVE;
				GCC_WARN_UNUSED_FUNCTION = YES;
				GCC_WARN_UNUSED_VARIABLE = YES;
				IPHONEOS_DEPLOYMENT_TARGET = 15.0;
				MTL_ENABLE_DEBUG_INFO = NO;
				MTL_FAST_MATH = YES;
				SDKROOT = iphoneos;
				SWIFT_COMPILATION_MODE = wholemodule;
				SWIFT_OPTIMIZATION_LEVEL = "-O";
				VALIDATE_PRODUCT = YES;
			};
			name = Release;
		};
		2EE4AE832748C75000FD0100 /* Debug */ = {
			isa = XCBuildConfiguration;
			buildSettings = {
				ASSETCATALOG_COMPILER_APPICON_NAME = AppIcon;
				ASSETCATALOG_COMPILER_GLOBAL_ACCENT_COLOR_NAME = AccentColor;
				CODE_SIGN_STYLE = Automatic;
				CURRENT_PROJECT_VERSION = 1;
				DEVELOPMENT_TEAM = B3SEC78SH4;
				GENERATE_INFOPLIST_FILE = YES;
				INFOPLIST_FILE = ConnectFourTutorial/Info.plist;
				INFOPLIST_KEY_UIApplicationSupportsIndirectInputEvents = YES;
				INFOPLIST_KEY_UILaunchStoryboardName = LaunchScreen;
				INFOPLIST_KEY_UIMainStoryboardFile = Main;
				INFOPLIST_KEY_UISupportedInterfaceOrientations_iPad = "UIInterfaceOrientationPortrait UIInterfaceOrientationPortraitUpsideDown UIInterfaceOrientationLandscapeLeft UIInterfaceOrientationLandscapeRight";
				INFOPLIST_KEY_UISupportedInterfaceOrientations_iPhone = "UIInterfaceOrientationPortrait UIInterfaceOrientationLandscapeLeft UIInterfaceOrientationLandscapeRight";
				LD_RUNPATH_SEARCH_PATHS = (
					"$(inherited)",
					"@executable_path/Frameworks",
				);
				MARKETING_VERSION = 1.0;
				PRODUCT_BUNDLE_IDENTIFIER = code.with.cal.ConnectFourTutorial;
				PRODUCT_NAME = "$(TARGET_NAME)";
				SWIFT_EMIT_LOC_STRINGS = YES;
				SWIFT_VERSION = 5.0;
				TARGETED_DEVICE_FAMILY = "1,2";
			};
			name = Debug;
		};
		2EE4AE842748C75000FD0100 /* Release */ = {
			isa = XCBuildConfiguration;
			buildSettings = {
				ASSETCATALOG_COMPILER_APPICON_NAME = AppIcon;
				ASSETCATALOG_COMPILER_GLOBAL_ACCENT_COLOR_NAME = AccentColor;
				CODE_SIGN_STYLE = Automatic;
				CURRENT_PROJECT_VERSION = 1;
				DEVELOPMENT_TEAM = B3SEC78SH4;
				GENERATE_INFOPLIST_FILE = YES;
				INFOPLIST_FILE = ConnectFourTutorial/Info.plist;
				INFOPLIST_KEY_UIApplicationSupportsIndirectInputEvents = YES;
				INFOPLIST_KEY_UILaunchStoryboardName = LaunchScreen;
				INFOPLIST_KEY_UIMainStoryboardFile = Main;
				INFOPLIST_KEY_UISupportedInterfaceOrientations_iPad = "UIInterfaceOrientationPortrait UIInterfaceOrientationPortraitUpsideDown UIInterfaceOrientationLandscapeLeft UIInterfaceOrientationLandscapeRight";
				INFOPLIST_KEY_UISupportedInterfaceOrientations_iPhone = "UIInterfaceOrientationPortrait UIInterfaceOrientationLandscapeLeft UIInterfaceOrientationLandscapeRight";
				LD_RUNPATH_SEARCH_PATHS = (
					"$(inherited)",
					"@executable_path/Frameworks",
				);
				MARKETING_VERSION = 1.0;
				PRODUCT_BUNDLE_IDENTIFIER = code.with.cal.ConnectFourTutorial;
				PRODUCT_NAME = "$(TARGET_NAME)";
				SWIFT_EMIT_LOC_STRINGS = YES;
				SWIFT_VERSION = 5.0;
				TARGETED_DEVICE_FAMILY = "1,2";
			};
			name = Release;
		};
/* End XCBuildConfiguration section */

/* Begin XCConfigurationList section */
		2EE4AE692748C74B00FD0100 /* Build configuration list for PBXProject "ConnectFourTutorial" */ = {
			isa = XCConfigurationList;
			buildConfigurations = (
				2EE4AE802748C75000FD0100 /* Debug */,
				2EE4AE812748C75000FD0100 /* Release */,
			);
			defaultConfigurationIsVisible = 0;
			defaultConfigurationName = Release;
		};
		2EE4AE822748C75000FD0100 /* Build configuration list for PBXNativeTarget "ConnectFourTutorial" */ = {
			isa = XCConfigurationList;
			buildConfigurations = (
				2EE4AE832748C75000FD0100 /* Debug */,
				2EE4AE842748C75000FD0100 /* Release */,
			);
			defaultConfigurationIsVisible = 0;
			defaultConfigurationName = Release;
		};
/* End XCConfigurationList section */
	};
	rootObject = 2EE4AE662748C74B00FD0100 /* Project object */;
}
